
Microsoft Visual Studio Solution File, Format Version 12.00
# Visual Studio Version 17
VisualStudioVersion = 17.14.36301.6 d17.14
MinimumVisualStudioVersion = 10.0.40219.1
Project("{FAE04EC0-301F-11D3-BF4B-00C04F79EFBC}") = "ConvertidorTemperatura", "ConvertidorTemperatura\ConvertidorTemperatura.csproj", "{8A2AE822-5EDE-43B9-872F-0688C044794E}"
EndProject
Global
	GlobalSection(SolutionConfigurationPlatforms) = preSolution
		Debug|Any CPU = Debug|Any CPU
		Release|Any CPU = Release|Any CPU
	EndGlobalSection
	GlobalSection(ProjectConfigurationPlatforms) = postSolution
		{8A2AE822-5EDE-43B9-872F-0688C044794E}.Debug|Any CPU.ActiveCfg = Debug|Any CPU
		{8A2AE822-5EDE-43B9-872F-0688C044794E}.Debug|Any CPU.Build.0 = Debug|Any CPU
		{8A2AE822-5EDE-43B9-872F-0688C044794E}.Release|Any CPU.ActiveCfg = Release|Any CPU
		{8A2AE822-5EDE-43B9-872F-0688C044794E}.Release|Any CPU.Build.0 = Release|Any CPU
	EndGlobalSection
	GlobalSection(SolutionProperties) = preSolution
		HideSolutionNode = FALSE
	EndGlobalSection
	GlobalSection(ExtensibilityGlobals) = postSolution
		SolutionGuid = {5309AB7E-02FC-4B6D-81A2-D0AA2FA21022}
	EndGlobalSection
EndGlobal
